
Microsoft Visual Studio Solution File, Format Version 12.00
# Visual Studio Version 17
VisualStudioVersion = 17.1.32407.343
MinimumVisualStudioVersion = 10.0.40219.1
Project("{FAE04EC0-301F-11D3-BF4B-00C04F79EFBC}") = "Comparer", "Comparer\Comparer.csproj", "{47B1B7C4-2F22-4E36-9F36-B224483A7C89}"
EndProject
Global
	GlobalSection(SolutionConfigurationPlatforms) = preSolution
		Debug|Any CPU = Debug|Any CPU
		Release|Any CPU = Release|Any CPU
	EndGlobalSection
	GlobalSection(ProjectConfigurationPlatforms) = postSolution
		{47B1B7C4-2F22-4E36-9F36-B224483A7C89}.Debug|Any CPU.ActiveCfg = Debug|Any CPU
		{47B1B7C4-2F22-4E36-9F36-B224483A7C89}.Debug|Any CPU.Build.0 = Debug|Any CPU
		{47B1B7C4-2F22-4E36-9F36-B224483A7C89}.Release|Any CPU.ActiveCfg = Release|Any CPU
		{47B1B7C4-2F22-4E36-9F36-B224483A7C89}.Release|Any CPU.Build.0 = Release|Any CPU
	EndGlobalSection
	GlobalSection(SolutionProperties) = preSolution
		HideSolutionNode = FALSE
	EndGlobalSection
	GlobalSection(ExtensibilityGlobals) = postSolution
		SolutionGuid = {0C64E007-E40A-465B-9402-6556BB64257A}
	EndGlobalSection
EndGlobal
